
Microsoft Visual Studio Solution File, Format Version 12.00
# Visual Studio Version 17
VisualStudioVersion = 17.13.35931.197
MinimumVisualStudioVersion = 10.0.40219.1
Project("{FAE04EC0-301F-11D3-BF4B-00C04F79EFBC}") = "PedidoService", "PedidoService\PedidoService.csproj", "{2FBA603F-470F-4F58-9797-8A6816B9D8D7}"
EndProject
Project("{FAE04EC0-301F-11D3-BF4B-00C04F79EFBC}") = "PedidoClient", "PedidoClient\PedidoClient.csproj", "{FFC1C54F-B5E8-4512-8143-3D74E1731B14}"
	ProjectSection(ProjectDependencies) = postProject
		{2FBA603F-470F-4F58-9797-8A6816B9D8D7} = {2FBA603F-470F-4F58-9797-8A6816B9D8D7}
	EndProjectSection
EndProject
Global
	GlobalSection(SolutionConfigurationPlatforms) = preSolution
		Debug|Any CPU = Debug|Any CPU
		Release|Any CPU = Release|Any CPU
	EndGlobalSection
	GlobalSection(ProjectConfigurationPlatforms) = postSolution
		{2FBA603F-470F-4F58-9797-8A6816B9D8D7}.Debug|Any CPU.ActiveCfg = Debug|Any CPU
		{2FBA603F-470F-4F58-9797-8A6816B9D8D7}.Debug|Any CPU.Build.0 = Debug|Any CPU
		{2FBA603F-470F-4F58-9797-8A6816B9D8D7}.Release|Any CPU.ActiveCfg = Release|Any CPU
		{2FBA603F-470F-4F58-9797-8A6816B9D8D7}.Release|Any CPU.Build.0 = Release|Any CPU
		{FFC1C54F-B5E8-4512-8143-3D74E1731B14}.Debug|Any CPU.ActiveCfg = Debug|Any CPU
		{FFC1C54F-B5E8-4512-8143-3D74E1731B14}.Debug|Any CPU.Build.0 = Debug|Any CPU
		{FFC1C54F-B5E8-4512-8143-3D74E1731B14}.Release|Any CPU.ActiveCfg = Release|Any CPU
		{FFC1C54F-B5E8-4512-8143-3D74E1731B14}.Release|Any CPU.Build.0 = Release|Any CPU
	EndGlobalSection
	GlobalSection(SolutionProperties) = preSolution
		HideSolutionNode = FALSE
	EndGlobalSection
	GlobalSection(ExtensibilityGlobals) = postSolution
		SolutionGuid = {CFF64BFC-133C-41A9-AC28-5C749F9CA465}
	EndGlobalSection
EndGlobal
